
Microsoft Visual Studio Solution File, Format Version 12.00
# Visual Studio Version 16
VisualStudioVersion = 16.0.32002.261
MinimumVisualStudioVersion = 10.0.40219.1
Project("{FAE04EC0-301F-11D3-BF4B-00C04F79EFBC}") = "SharjeelMBackend", "SharjeelMBackend\SharjeelMBackend.csproj", "{C37EF0A0-8980-4AB9-8DCD-EF8A5BFC89B5}"
EndProject
Global
	GlobalSection(SolutionConfigurationPlatforms) = preSolution
		Debug|Any CPU = Debug|Any CPU
		Release|Any CPU = Release|Any CPU
	EndGlobalSection
	GlobalSection(ProjectConfigurationPlatforms) = postSolution
		{C37EF0A0-8980-4AB9-8DCD-EF8A5BFC89B5}.Debug|Any CPU.ActiveCfg = Debug|Any CPU
		{C37EF0A0-8980-4AB9-8DCD-EF8A5BFC89B5}.Debug|Any CPU.Build.0 = Debug|Any CPU
		{C37EF0A0-8980-4AB9-8DCD-EF8A5BFC89B5}.Release|Any CPU.ActiveCfg = Release|Any CPU
		{C37EF0A0-8980-4AB9-8DCD-EF8A5BFC89B5}.Release|Any CPU.Build.0 = Release|Any CPU
	EndGlobalSection
	GlobalSection(SolutionProperties) = preSolution
		HideSolutionNode = FALSE
	EndGlobalSection
	GlobalSection(ExtensibilityGlobals) = postSolution
		SolutionGuid = {7B3B6AC6-DF6A-4B62-BA45-BC1E8FE4EC6E}
	EndGlobalSection
EndGlobal
